
Microsoft Visual Studio Solution File, Format Version 12.00
# Visual Studio Version 17
VisualStudioVersion = 17.4.33103.184
MinimumVisualStudioVersion = 10.0.40219.1
Project("{8BC9CEB8-8B4A-11D0-8D11-00A0C91BC942}") = "lab15", "lab15\lab15.vcxproj", "{3A0C8DC5-7697-4094-8465-CF51A424243E}"
EndProject
Global
	GlobalSection(SolutionConfigurationPlatforms) = preSolution
		Debug|x64 = Debug|x64
		Debug|x86 = Debug|x86
		Release|x64 = Release|x64
		Release|x86 = Release|x86
	EndGlobalSection
	GlobalSection(ProjectConfigurationPlatforms) = postSolution
		{3A0C8DC5-7697-4094-8465-CF51A424243E}.Debug|x64.ActiveCfg = Debug|x64
		{3A0C8DC5-7697-4094-8465-CF51A424243E}.Debug|x64.Build.0 = Debug|x64
		{3A0C8DC5-7697-4094-8465-CF51A424243E}.Debug|x86.ActiveCfg = Debug|Win32
		{3A0C8DC5-7697-4094-8465-CF51A424243E}.Debug|x86.Build.0 = Debug|Win32
		{3A0C8DC5-7697-4094-8465-CF51A424243E}.Release|x64.ActiveCfg = Release|x64
		{3A0C8DC5-7697-4094-8465-CF51A424243E}.Release|x64.Build.0 = Release|x64
		{3A0C8DC5-7697-4094-8465-CF51A424243E}.Release|x86.ActiveCfg = Release|Win32
		{3A0C8DC5-7697-4094-8465-CF51A424243E}.Release|x86.Build.0 = Release|Win32
	EndGlobalSection
	GlobalSection(SolutionProperties) = preSolution
		HideSolutionNode = FALSE
	EndGlobalSection
	GlobalSection(ExtensibilityGlobals) = postSolution
		SolutionGuid = {427DA2B3-A86A-4ABC-BCFB-77139E758EF0}
	EndGlobalSection
EndGlobal
